{
  "name": "Scienter-Day3",
  "lockfileVersion": 3,
  "requires": true,
  "packages": {
    "": {
      "dependencies": {
        "react-native-navigation-bar-color": "^2.0.2"
      }
    },
    "node_modules/react-native-navigation-bar-color": {
      "version": "2.0.2",
      "resolved": "https://registry.npmjs.org/react-native-navigation-bar-color/-/react-native-navigation-bar-color-2.0.2.tgz",
      "integrity": "sha512-ZmpLWRocyme1au11e5ZuecMS/UCi57nlzgnioi03Q6ERMbeUOqqbWgNBaNB7SsCeqBV6fZPjo3+A64zEIpzw4w=="
    }
  }
}
